lockfileVersion: '6.0'

settings:
  autoInstallPeers: true
  excludeLinksFromLockfile: false

importers:

  .:
    dependencies:
      '@prisma/client':
        specifier: ^6.16.2
        version: 6.16.2(prisma@6.16.2)(typescript@5.9.2)
      bcrypt:
        specifier: ^6.0.0
        version: 6.0.0
    devDependencies:
      '@types/bcrypt':
        specifier: ^6.0.0
        version: 6.0.0
      prettier:
        specifier: ^3.0.0
        version: 3.6.2
      prisma:
        specifier: ^6.16.2
        version: 6.16.2(typescript@5.9.2)
      typescript:
        specifier: ^5.0.0
        version: 5.9.2

  packages/types:
    dependencies:
      zod:
        specifier: ^3.22.4
        version: 3.25.76
    devDependencies:
      typescript:
        specifier: ^5.0.0
        version: 5.9.2

  packages/ui:
    devDependencies:
      '@types/react':
        specifier: ^18.3.25
        version: 18.3.25
      react:
        specifier: ^18.3.1
        version: 18.3.1
      typescript:
        specifier: ^5.0.0
        version: 5.9.2

  packages/utils:
    devDependencies:
      typescript:
        specifier: ^5.0.0
        version: 5.9.2

packages:

  /@prisma/client@6.16.2(prisma@6.16.2)(typescript@5.9.2):
    resolution: {integrity: sha512-E00PxBcalMfYO/TWnXobBVUai6eW/g5OsifWQsQDzJYm7yaY+IRLo7ZLsaefi0QkTpxfuhFcQ/w180i6kX3iJw==}
    engines: {node: '>=18.18'}
    requiresBuild: true
    peerDependencies:
      prisma: '*'
      typescript: '>=5.1.0'
    peerDependenciesMeta:
      prisma:
        optional: true
      typescript:
        optional: true
    dependencies:
      prisma: 6.16.2(typescript@5.9.2)
      typescript: 5.9.2
    dev: false

  /@prisma/config@6.16.2:
    resolution: {integrity: sha512-mKXSUrcqXj0LXWPmJsK2s3p9PN+aoAbyMx7m5E1v1FufofR1ZpPoIArjjzOIm+bJRLLvYftoNYLx1tbHgF9/yg==}
    dependencies:
      c12: 3.1.0
      deepmerge-ts: 7.1.5
      effect: 3.16.12
      empathic: 2.0.0
    transitivePeerDependencies:
      - magicast

  /@prisma/debug@6.16.2:
    resolution: {integrity: sha512-bo4/gA/HVV6u8YK2uY6glhNsJ7r+k/i5iQ9ny/3q5bt9ijCj7WMPUwfTKPvtEgLP+/r26Z686ly11hhcLiQ8zA==}

  /@prisma/engines-version@6.16.0-7.1c57fdcd7e44b29b9313256c76699e91c3ac3c43:
    resolution: {integrity: sha512-ThvlDaKIVrnrv97ujNFDYiQbeMQpLa0O86HFA2mNoip4mtFqM7U5GSz2ie1i2xByZtvPztJlNRgPsXGeM/kqAA==}

  /@prisma/engines@6.16.2:
    resolution: {integrity: sha512-7yf3AjfPUgsg/l7JSu1iEhsmZZ/YE00yURPjTikqm2z4btM0bCl2coFtTGfeSOWbQMmq45Jab+53yGUIAT1sjA==}
    requiresBuild: true
    dependencies:
      '@prisma/debug': 6.16.2
      '@prisma/engines-version': 6.16.0-7.1c57fdcd7e44b29b9313256c76699e91c3ac3c43
      '@prisma/fetch-engine': 6.16.2
      '@prisma/get-platform': 6.16.2

  /@prisma/fetch-engine@6.16.2:
    resolution: {integrity: sha512-wPnZ8DMRqpgzye758ZvfAMiNJRuYpz+rhgEBZi60ZqDIgOU2694oJxiuu3GKFeYeR/hXxso4/2oBC243t/whxQ==}
    dependencies:
      '@prisma/debug': 6.16.2
      '@prisma/engines-version': 6.16.0-7.1c57fdcd7e44b29b9313256c76699e91c3ac3c43
      '@prisma/get-platform': 6.16.2

  /@prisma/get-platform@6.16.2:
    resolution: {integrity: sha512-U/P36Uke5wS7r1+omtAgJpEB94tlT4SdlgaeTc6HVTTT93pXj7zZ+B/cZnmnvjcNPfWddgoDx8RLjmQwqGDYyA==}
    dependencies:
      '@prisma/debug': 6.16.2

  /@standard-schema/spec@1.0.0:
    resolution: {integrity: sha512-m2bOd0f2RT9k8QJx1JN85cZYyH1RqFBdlwtkSlf4tBDYLCiiZnv1fIIwacK6cqwXavOydf0NPToMQgpKq+dVlA==}

  /@types/bcrypt@6.0.0:
    resolution: {integrity: sha512-/oJGukuH3D2+D+3H4JWLaAsJ/ji86dhRidzZ/Od7H/i8g+aCmvkeCc6Ni/f9uxGLSQVCRZkX2/lqEFG2BvWtlQ==}
    dependencies:
      '@types/node': 24.6.0
    dev: true

  /@types/node@24.6.0:
    resolution: {integrity: sha512-F1CBxgqwOMc4GKJ7eY22hWhBVQuMYTtqI8L0FcszYcpYX0fzfDGpez22Xau8Mgm7O9fI+zA/TYIdq3tGWfweBA==}
    dependencies:
      undici-types: 7.13.0
    dev: true

  /@types/prop-types@15.7.15:
    resolution: {integrity: sha512-F6bEyamV9jKGAFBEmlQnesRPGOQqS2+Uwi0Em15xenOxHaf2hv6L8YCVn3rPdPJOiJfPiCnLIRyvwVaqMY3MIw==}
    dev: true

  /@types/react@18.3.25:
    resolution: {integrity: sha512-oSVZmGtDPmRZtVDqvdKUi/qgCsWp5IDY29wp8na8Bj4B3cc99hfNzvNhlMkVVxctkAOGUA3Km7MMpBHAnWfcIA==}
    dependencies:
      '@types/prop-types': 15.7.15
      csstype: 3.1.3
    dev: true

  /bcrypt@6.0.0:
    resolution: {integrity: sha512-cU8v/EGSrnH+HnxV2z0J7/blxH8gq7Xh2JFT6Aroax7UohdmiJJlxApMxtKfuI7z68NvvVcmR78k2LbT6efhRg==}
    engines: {node: '>= 18'}
    requiresBuild: true
    dependencies:
      node-addon-api: 8.5.0
      node-gyp-build: 4.8.4
    dev: false

  /c12@3.1.0:
    resolution: {integrity: sha512-uWoS8OU1MEIsOv8p/5a82c3H31LsWVR5qiyXVfBNOzfffjUWtPnhAb4BYI2uG2HfGmZmFjCtui5XNWaps+iFuw==}
    peerDependencies:
      magicast: ^0.3.5
    peerDependenciesMeta:
      magicast:
        optional: true
    dependencies:
      chokidar: 4.0.3
      confbox: 0.2.2
      defu: 6.1.4
      dotenv: 16.6.1
      exsolve: 1.0.7
      giget: 2.0.0
      jiti: 2.6.0
      ohash: 2.0.11
      pathe: 2.0.3
      perfect-debounce: 1.0.0
      pkg-types: 2.3.0
      rc9: 2.1.2

  /chokidar@4.0.3:
    resolution: {integrity: sha512-Qgzu8kfBvo+cA4962jnP1KkS6Dop5NS6g7R5LFYJr4b8Ub94PPQXUksCw9PvXoeXPRRddRNC5C1JQUR2SMGtnA==}
    engines: {node: '>= 14.16.0'}
    dependencies:
      readdirp: 4.1.2

  /citty@0.1.6:
    resolution: {integrity: sha512-tskPPKEs8D2KPafUypv2gxwJP8h/OaJmC82QQGGDQcHvXX43xF2VDACcJVmZ0EuSxkpO9Kc4MlrA3q0+FG58AQ==}
    dependencies:
      consola: 3.4.2

  /confbox@0.2.2:
    resolution: {integrity: sha512-1NB+BKqhtNipMsov4xI/NnhCKp9XG9NamYp5PVm9klAT0fsrNPjaFICsCFhNhwZJKNh7zB/3q8qXz0E9oaMNtQ==}

  /consola@3.4.2:
    resolution: {integrity: sha512-5IKcdX0nnYavi6G7TtOhwkYzyjfJlatbjMjuLSfE2kYT5pMDOilZ4OvMhi637CcDICTmz3wARPoyhqyX1Y+XvA==}
    engines: {node: ^14.18.0 || >=16.10.0}

  /csstype@3.1.3:
    resolution: {integrity: sha512-M1uQkMl8rQK/szD0LNhtqxIPLpimGm8sOBwU7lLnCpSbTyY3yeU1Vc7l4KT5zT4s/yOxHH5O7tIuuLOCnLADRw==}
    dev: true

  /deepmerge-ts@7.1.5:
    resolution: {integrity: sha512-HOJkrhaYsweh+W+e74Yn7YStZOilkoPb6fycpwNLKzSPtruFs48nYis0zy5yJz1+ktUhHxoRDJ27RQAWLIJVJw==}
    engines: {node: '>=16.0.0'}

  /defu@6.1.4:
    resolution: {integrity: sha512-mEQCMmwJu317oSz8CwdIOdwf3xMif1ttiM8LTufzc3g6kR+9Pe236twL8j3IYT1F7GfRgGcW6MWxzZjLIkuHIg==}

  /destr@2.0.5:
    resolution: {integrity: sha512-ugFTXCtDZunbzasqBxrK93Ik/DRYsO6S/fedkWEMKqt04xZ4csmnmwGDBAb07QWNaGMAmnTIemsYZCksjATwsA==}

  /dotenv@16.6.1:
    resolution: {integrity: sha512-uBq4egWHTcTt33a72vpSG0z3HnPuIl6NqYcTrKEg2azoEyl2hpW0zqlxysq2pK9HlDIHyHyakeYaYnSAwd8bow==}
    engines: {node: '>=12'}

  /effect@3.16.12:
    resolution: {integrity: sha512-N39iBk0K71F9nb442TLbTkjl24FLUzuvx2i1I2RsEAQsdAdUTuUoW0vlfUXgkMTUOnYqKnWcFfqw4hK4Pw27hg==}
    dependencies:
      '@standard-schema/spec': 1.0.0
      fast-check: 3.23.2

  /empathic@2.0.0:
    resolution: {integrity: sha512-i6UzDscO/XfAcNYD75CfICkmfLedpyPDdozrLMmQc5ORaQcdMoc21OnlEylMIqI7U8eniKrPMxxtj8k0vhmJhA==}
    engines: {node: '>=14'}

  /exsolve@1.0.7:
    resolution: {integrity: sha512-VO5fQUzZtI6C+vx4w/4BWJpg3s/5l+6pRQEHzFRM8WFi4XffSP1Z+4qi7GbjWbvRQEbdIco5mIMq+zX4rPuLrw==}

  /fast-check@3.23.2:
    resolution: {integrity: sha512-h5+1OzzfCC3Ef7VbtKdcv7zsstUQwUDlYpUTvjeUsJAssPgLn7QzbboPtL5ro04Mq0rPOsMzl7q5hIbRs2wD1A==}
    engines: {node: '>=8.0.0'}
    dependencies:
      pure-rand: 6.1.0

  /giget@2.0.0:
    resolution: {integrity: sha512-L5bGsVkxJbJgdnwyuheIunkGatUF/zssUoxxjACCseZYAVbaqdh9Tsmmlkl8vYan09H7sbvKt4pS8GqKLBrEzA==}
    hasBin: true
    dependencies:
      citty: 0.1.6
      consola: 3.4.2
      defu: 6.1.4
      node-fetch-native: 1.6.7
      nypm: 0.6.2
      pathe: 2.0.3

  /jiti@2.6.0:
    resolution: {integrity: sha512-VXe6RjJkBPj0ohtqaO8vSWP3ZhAKo66fKrFNCll4BTcwljPLz03pCbaNKfzGP5MbrCYcbJ7v0nOYYwUzTEIdXQ==}
    hasBin: true

  /js-tokens@4.0.0:
    resolution: {integrity: sha512-RdJUflcE3cUzKiMqQgsCu06FPu9UdIJO0beYbPhHN4k6apgJtifcoCtT9bcxOpYBtpD2kCM6Sbzg4CausW/PKQ==}
    dev: true

  /loose-envify@1.4.0:
    resolution: {integrity: sha512-lyuxPGr/Wfhrlem2CL/UcnUc1zcqKAImBDzukY7Y5F/yQiNdko6+fRLevlw1HgMySw7f611UIY408EtxRSoK3Q==}
    hasBin: true
    dependencies:
      js-tokens: 4.0.0
    dev: true

  /node-addon-api@8.5.0:
    resolution: {integrity: sha512-/bRZty2mXUIFY/xU5HLvveNHlswNJej+RnxBjOMkidWfwZzgTbPG1E3K5TOxRLOR+5hX7bSofy8yf1hZevMS8A==}
    engines: {node: ^18 || ^20 || >= 21}
    dev: false

  /node-fetch-native@1.6.7:
    resolution: {integrity: sha512-g9yhqoedzIUm0nTnTqAQvueMPVOuIY16bqgAJJC8XOOubYFNwz6IER9qs0Gq2Xd0+CecCKFjtdDTMA4u4xG06Q==}

  /node-gyp-build@4.8.4:
    resolution: {integrity: sha512-LA4ZjwlnUblHVgq0oBF3Jl/6h/Nvs5fzBLwdEF4nuxnFdsfajde4WfxtJr3CaiH+F6ewcIB/q4jQ4UzPyid+CQ==}
    hasBin: true
    dev: false

  /nypm@0.6.2:
    resolution: {integrity: sha512-7eM+hpOtrKrBDCh7Ypu2lJ9Z7PNZBdi/8AT3AX8xoCj43BBVHD0hPSTEvMtkMpfs8FCqBGhxB+uToIQimA111g==}
    engines: {node: ^14.16.0 || >=16.10.0}
    hasBin: true
    dependencies:
      citty: 0.1.6
      consola: 3.4.2
      pathe: 2.0.3
      pkg-types: 2.3.0
      tinyexec: 1.0.1

  /ohash@2.0.11:
    resolution: {integrity: sha512-RdR9FQrFwNBNXAr4GixM8YaRZRJ5PUWbKYbE5eOsrwAjJW0q2REGcf79oYPsLyskQCZG1PLN+S/K1V00joZAoQ==}

  /pathe@2.0.3:
    resolution: {integrity: sha512-WUjGcAqP1gQacoQe+OBJsFA7Ld4DyXuUIjZ5cc75cLHvJ7dtNsTugphxIADwspS+AraAUePCKrSVtPLFj/F88w==}

  /perfect-debounce@1.0.0:
    resolution: {integrity: sha512-xCy9V055GLEqoFaHoC1SoLIaLmWctgCUaBaWxDZ7/Zx4CTyX7cJQLJOok/orfjZAh9kEYpjJa4d0KcJmCbctZA==}

  /pkg-types@2.3.0:
    resolution: {integrity: sha512-SIqCzDRg0s9npO5XQ3tNZioRY1uK06lA41ynBC1YmFTmnY6FjUjVt6s4LoADmwoig1qqD0oK8h1p/8mlMx8Oig==}
    dependencies:
      confbox: 0.2.2
      exsolve: 1.0.7
      pathe: 2.0.3

  /prettier@3.6.2:
    resolution: {integrity: sha512-I7AIg5boAr5R0FFtJ6rCfD+LFsWHp81dolrFD8S79U9tb8Az2nGrJncnMSnys+bpQJfRUzqs9hnA81OAA3hCuQ==}
    engines: {node: '>=14'}
    hasBin: true
    dev: true

  /prisma@6.16.2(typescript@5.9.2):
    resolution: {integrity: sha512-aRvldGE5UUJTtVmFiH3WfNFNiqFlAtePUxcI0UEGlnXCX7DqhiMT5TRYwncHFeA/Reca5W6ToXXyCMTeFPdSXA==}
    engines: {node: '>=18.18'}
    hasBin: true
    requiresBuild: true
    peerDependencies:
      typescript: '>=5.1.0'
    peerDependenciesMeta:
      typescript:
        optional: true
    dependencies:
      '@prisma/config': 6.16.2
      '@prisma/engines': 6.16.2
      typescript: 5.9.2
    transitivePeerDependencies:
      - magicast

  /pure-rand@6.1.0:
    resolution: {integrity: sha512-bVWawvoZoBYpp6yIoQtQXHZjmz35RSVHnUOTefl8Vcjr8snTPY1wnpSPMWekcFwbxI6gtmT7rSYPFvz71ldiOA==}

  /rc9@2.1.2:
    resolution: {integrity: sha512-btXCnMmRIBINM2LDZoEmOogIZU7Qe7zn4BpomSKZ/ykbLObuBdvG+mFq11DL6fjH1DRwHhrlgtYWG96bJiC7Cg==}
    dependencies:
      defu: 6.1.4
      destr: 2.0.5

  /react@18.3.1:
    resolution: {integrity: sha512-wS+hAgJShR0KhEvPJArfuPVN1+Hz1t0Y6n5jLrGQbkb4urgPE/0Rve+1kMB1v/oWgHgm4WIcV+i7F2pTVj+2iQ==}
    engines: {node: '>=0.10.0'}
    dependencies:
      loose-envify: 1.4.0
    dev: true

  /readdirp@4.1.2:
    resolution: {integrity: sha512-GDhwkLfywWL2s6vEjyhri+eXmfH6j1L7JE27WhqLeYzoh/A3DBaYGEj2H/HFZCn/kMfim73FXxEJTw06WtxQwg==}
    engines: {node: '>= 14.18.0'}

  /tinyexec@1.0.1:
    resolution: {integrity: sha512-5uC6DDlmeqiOwCPmK9jMSdOuZTh8bU39Ys6yidB+UTt5hfZUPGAypSgFRiEp+jbi9qH40BLDvy85jIU88wKSqw==}

  /typescript@5.9.2:
    resolution: {integrity: sha512-CWBzXQrc/qOkhidw1OzBTQuYRbfyxDXJMVJ1XNwUHGROVmuaeiEm3OslpZ1RV96d7SKKjZKrSJu3+t/xlw3R9A==}
    engines: {node: '>=14.17'}
    hasBin: true

  /undici-types@7.13.0:
    resolution: {integrity: sha512-Ov2Rr9Sx+fRgagJ5AX0qvItZG/JKKoBRAVITs1zk7IqZGTJUwgUr7qoYBpWwakpWilTZFM98rG/AFRocu10iIQ==}
    dev: true

  /zod@3.25.76:
    resolution: {integrity: sha512-gzUt/qt81nXsFGKIFcC3YnfEAx5NkunCfnDlvuBSSFS02bcXu4Lmea0AFIUwbLWxWPx3d9p8S5QoaujKcNQxcQ==}
    dev: false
